hash: 12eba6ff6e5d93f41ee80a72f46c9dc49c910926d00e64348a64082993496297
updated: 2017-02-11T17:02:27.082060258-06:00
imports:
- name: github.com/davecgh/go-spew
  version: 346938d642f2ec3594ed81d874461961cd0faa76
  subpackages:
  - spew
- name: github.com/satori/go.uuid
  version: 879c5887cd475cd7864858769793b2ceb0d44feb
testImports: []
